PODS:
  - Masonry (0.6.1)
  - MBProgressHUD (0.9.1)
  - ShareSDK2 (2.12.1):
    - ShareSDK2/Core (= 2.12.1)
  - ShareSDK2/Connection/SinaWeibo (2.12.1):
    - ShareSDK2/Extend/SinaWeiboSDK
  - ShareSDK2/Connection/WeChat (2.12.1):
    - ShareSDK2/Extend/WeChatSDK
  - ShareSDK2/Core (2.12.1)
  - ShareSDK2/Extend/SinaWeiboSDK (2.12.1)
  - ShareSDK2/Extend/WeChatSDK (2.12.1)
  - ShareSDK2/UI/iPadSimple (2.12.1)
  - ShareSDK2/UI/iPhoneSimple (2.12.1)
  - Toast (2.4)

DEPENDENCIES:
  - Masonry
  - MBProgressHUD (~> 0.9.1)
  - ShareSDK2
  - ShareSDK2/Connection/SinaWeibo
  - ShareSDK2/Connection/WeChat
  - ShareSDK2/UI/iPadSimple
  - ShareSDK2/UI/iPhoneSimple
  - Toast

SPEC CHECKSUMS:
  Masonry: 4972309f2f134de9dd312f4dc4a21359b50e6caa
  MBProgressHUD: c47f2c166c126cf2ce36498d80f33e754d4e93ad
  ShareSDK2: 4f0e2c280f95e98151c74deaa52085cde640952f
  Toast: 0773b8fc0e97352ca6054517bec7ebdd4110029d

COCOAPODS: 0.39.0
